
Microsoft Visual Studio Solution File, Format Version 12.00
# Visual Studio Version 17
VisualStudioVersion = 17.5.002.0
MinimumVisualStudioVersion = 10.0.40219.1
Project("{9A19103F-16F7-4668-BE54-9A1E7A4F7556}") = "bacon-dotnet", "bacon-dotnet\bacon-dotnet.csproj", "{4560718E-077A-45C8-9843-4BBF8206F70D}"
EndProject
Global
	GlobalSection(SolutionConfigurationPlatforms) = preSolution
		Debug|Any CPU = Debug|Any CPU
		Release|Any CPU = Release|Any CPU
	EndGlobalSection
	GlobalSection(ProjectConfigurationPlatforms) = postSolution
		{4560718E-077A-45C8-9843-4BBF8206F70D}.Debug|Any CPU.ActiveCfg = Debug|Any CPU
		{4560718E-077A-45C8-9843-4BBF8206F70D}.Debug|Any CPU.Build.0 = Debug|Any CPU
		{4560718E-077A-45C8-9843-4BBF8206F70D}.Release|Any CPU.ActiveCfg = Release|Any CPU
		{4560718E-077A-45C8-9843-4BBF8206F70D}.Release|Any CPU.Build.0 = Release|Any CPU
	EndGlobalSection
	GlobalSection(SolutionProperties) = preSolution
		HideSolutionNode = FALSE
	EndGlobalSection
	GlobalSection(ExtensibilityGlobals) = postSolution
		SolutionGuid = {0A1908EA-2D05-4CC3-AE96-B5691D1C1B96}
	EndGlobalSection
EndGlobal
